
Microsoft Visual Studio Solution File, Format Version 12.00
# Visual Studio Version 17
VisualStudioVersion = 17.1.32210.238
MinimumVisualStudioVersion = 10.0.40219.1
Project("{FAE04EC0-301F-11D3-BF4B-00C04F79EFBC}") = "ChatApp_Client", "ChatApp_Client\ChatApp_Client.csproj", "{7141DEE0-89E5-4521-A519-A4CAB889CF88}"
EndProject
Global
	GlobalSection(SolutionConfigurationPlatforms) = preSolution
		Debug|Any CPU = Debug|Any CPU
		Release|Any CPU = Release|Any CPU
	EndGlobalSection
	GlobalSection(ProjectConfigurationPlatforms) = postSolution
		{7141DEE0-89E5-4521-A519-A4CAB889CF88}.Debug|Any CPU.ActiveCfg = Debug|Any CPU
		{7141DEE0-89E5-4521-A519-A4CAB889CF88}.Debug|Any CPU.Build.0 = Debug|Any CPU
		{7141DEE0-89E5-4521-A519-A4CAB889CF88}.Release|Any CPU.ActiveCfg = Release|Any CPU
		{7141DEE0-89E5-4521-A519-A4CAB889CF88}.Release|Any CPU.Build.0 = Release|Any CPU
	EndGlobalSection
	GlobalSection(SolutionProperties) = preSolution
		HideSolutionNode = FALSE
	EndGlobalSection
	GlobalSection(ExtensibilityGlobals) = postSolution
		SolutionGuid = {F56C75BA-6E3F-463F-BF77-56F2D727BF49}
	EndGlobalSection
EndGlobal
